
Microsoft Visual Studio Solution File, Format Version 12.00
# Visual Studio Version 17
VisualStudioVersion = 17.14.36511.14 d17.14
MinimumVisualStudioVersion = 10.0.40219.1
Project("{FAE04EC0-301F-11D3-BF4B-00C04F79EFBC}") = "TOR-IG Party Size Fix", "TOR-IG Party Size Fix\TOR-IG Party Size Fix.csproj", "{F408DE38-72BC-4FCE-9DBD-80C731185CEE}"
EndProject
Global
	GlobalSection(SolutionConfigurationPlatforms) = preSolution
		Debug|Any CPU = Debug|Any CPU
		Debug|x64 = Debug|x64
		Release|Any CPU = Release|Any CPU
		Release|x64 = Release|x64
	EndGlobalSection
	GlobalSection(ProjectConfigurationPlatforms) = postSolution
		{F408DE38-72BC-4FCE-9DBD-80C731185CEE}.Debug|Any CPU.ActiveCfg = Debug|Any CPU
		{F408DE38-72BC-4FCE-9DBD-80C731185CEE}.Debug|Any CPU.Build.0 = Debug|Any CPU
		{F408DE38-72BC-4FCE-9DBD-80C731185CEE}.Debug|x64.ActiveCfg = Debug|x64
		{F408DE38-72BC-4FCE-9DBD-80C731185CEE}.Debug|x64.Build.0 = Debug|x64
		{F408DE38-72BC-4FCE-9DBD-80C731185CEE}.Release|Any CPU.ActiveCfg = Release|Any CPU
		{F408DE38-72BC-4FCE-9DBD-80C731185CEE}.Release|Any CPU.Build.0 = Release|Any CPU
		{F408DE38-72BC-4FCE-9DBD-80C731185CEE}.Release|x64.ActiveCfg = Release|x64
		{F408DE38-72BC-4FCE-9DBD-80C731185CEE}.Release|x64.Build.0 = Release|x64
	EndGlobalSection
	GlobalSection(SolutionProperties) = preSolution
		HideSolutionNode = FALSE
	EndGlobalSection
	GlobalSection(ExtensibilityGlobals) = postSolution
		SolutionGuid = {01B39637-C3B0-4C0B-B91A-FA55D8496597}
	EndGlobalSection
EndGlobal
